
Microsoft Visual Studio Solution File, Format Version 12.00
# Visual Studio Version 17
VisualStudioVersion = 17.5.002.0
MinimumVisualStudioVersion = 10.0.40219.1
Project("{9A19103F-16F7-4668-BE54-9A1E7A4F7556}") = "Proj.API", "Proj.API.csproj", "{92EE86BE-CF11-4250-B62A-F7B097C5E518}"
EndProject

Global
	GlobalSection(SolutionConfigurationPlatforms) = preSolution
		Debug|Any CPU = Debug|Any CPU
		Release|Any CPU = Release|Any CPU
	EndGlobalSection
	GlobalSection(ProjectConfigurationPlatforms) = postSolution
		{92EE86BE-CF11-4250-B62A-F7B097C5E518}.Debug|Any CPU.ActiveCfg = Debug|Any CPU
		{92EE86BE-CF11-4250-B62A-F7B097C5E518}.Debug|Any CPU.Build.0 = Debug|Any CPU
		{92EE86BE-CF11-4250-B62A-F7B097C5E518}.Release|Any CPU.ActiveCfg = Release|Any CPU
		{92EE86BE-CF11-4250-B62A-F7B097C5E518}.Release|Any CPU.Build.0 = Release|Any CPU
		{A5318025-9455-440E-8B03-9ADFCFCBFC8E}.Debug|Any CPU.ActiveCfg = Debug|Any CPU
		{A5318025-9455-440E-8B03-9ADFCFCBFC8E}.Debug|Any CPU.Build.0 = Debug|Any CPU
		{A5318025-9455-440E-8B03-9ADFCFCBFC8E}.Release|Any CPU.ActiveCfg = Release|Any CPU
		{A5318025-9455-440E-8B03-9ADFCFCBFC8E}.Release|Any CPU.Build.0 = Release|Any CPU
	EndGlobalSection
	GlobalSection(SolutionProperties) = preSolution
		HideSolutionNode = FALSE
	EndGlobalSection
	GlobalSection(ExtensibilityGlobals) = postSolution
		SolutionGuid = {3072A39D-2772-465C-9763-03F615671945}
	EndGlobalSection
EndGlobal
